// !$*UTF8*$!
{
	archiveVersion = 1;
	classes = {
	};
	objectVersion = 50;
	objects = {

/* Begin PBXBuildFile section */
		3B1D4B85C14234BD0B66787B /* Pods_CollegeKitchen.framework in Frameworks */ = {isa = PBXBuildFile; fileRef = 277F02211DF81D6A3C8DAFD4 /* Pods_CollegeKitchen.framework */; };
		55ABE8C848897C99AF4F9749 /* Pods_CollegeKitchenTests.framework in Frameworks */ = {isa = PBXBuildFile; fileRef = 84C14C8531CBEA808E35A35F /* Pods_CollegeKitchenTests.framework */; };
		7B98B223219286CD00D1B5F2 /* AppDelegate.swift in Sources */ = {isa = PBXBuildFile; fileRef = 7B98B222219286CD00D1B5F2 /* AppDelegate.swift */; };
		7B98B225219286CD00D1B5F2 /* ViewController.swift in Sources */ = {isa = PBXBuildFile; fileRef = 7B98B224219286CD00D1B5F2 /* ViewController.swift */; };
		7B98B228219286CD00D1B5F2 /* Main.storyboard in Resources */ = {isa = PBXBuildFile; fileRef = 7B98B226219286CD00D1B5F2 /* Main.storyboard */; };
		7B98B22A219286CE00D1B5F2 /* Assets.xcassets in Resources */ = {isa = PBXBuildFile; fileRef = 7B98B229219286CE00D1B5F2 /* Assets.xcassets */; };
		7B98B22D219286CE00D1B5F2 /* LaunchScreen.storyboard in Resources */ = {isa = PBXBuildFile; fileRef = 7B98B22B219286CE00D1B5F2 /* LaunchScreen.storyboard */; };
		7B98B238219286CE00D1B5F2 /* CollegeKitchenTests.swift in Sources */ = {isa = PBXBuildFile; fileRef = 7B98B237219286CE00D1B5F2 /* CollegeKitchenTests.swift */; };
		7B98B243219286CE00D1B5F2 /* CollegeKitchenUITests.swift in Sources */ = {isa = PBXBuildFile; fileRef = 7B98B242219286CE00D1B5F2 /* CollegeKitchenUITests.swift */; };
		7B98B25121929ADA00D1B5F2 /* GoogleService-Info.plist in Resources */ = {isa = PBXBuildFile; fileRef = 7B98B25021929ADA00D1B5F2 /* GoogleService-Info.plist */; };
		B70FA5EC2197879500A75AA3 /* MyFridgeTableViewController.swift in Sources */ = {isa = PBXBuildFile; fileRef = B70FA5EB2197879500A75AA3 /* MyFridgeTableViewController.swift */; };
		B70FA5EE219787E800A75AA3 /* AddIngredientTableViewController.swift in Sources */ = {isa = PBXBuildFile; fileRef = B70FA5ED219787E800A75AA3 /* AddIngredientTableViewController.swift */; };
		B7B2696321960C5E004D9C76 /* Joke.swift in Sources */ = {isa = PBXBuildFile; fileRef = B7B2696221960C5E004D9C76 /* Joke.swift */; };
		B7B2696521960CAD004D9C76 /* RecipeDetails.swift in Sources */ = {isa = PBXBuildFile; fileRef = B7B2696421960CAD004D9C76 /* RecipeDetails.swift */; };
		B7B2696A219610EB004D9C76 /* EstimatedCostAPI.swift in Sources */ = {isa = PBXBuildFile; fileRef = B7B26966219610EA004D9C76 /* EstimatedCostAPI.swift */; };
		B7B2696B219610EB004D9C76 /* IngredientSearch.swift in Sources */ = {isa = PBXBuildFile; fileRef = B7B26967219610EA004D9C76 /* IngredientSearch.swift */; };
		B7B2696C219610EB004D9C76 /* EstimatedCost.swift in Sources */ = {isa = PBXBuildFile; fileRef = B7B26968219610EA004D9C76 /* EstimatedCost.swift */; };
		B7B2696D219610EB004D9C76 /* Ingredient.swift in Sources */ = {isa = PBXBuildFile; fileRef = B7B26969219610EB004D9C76 /* Ingredient.swift */; };
		B7E7B2D6219CA542004308F4 /* ConvertedAmount.swift in Sources */ = {isa = PBXBuildFile; fileRef = B7E7B2D5219CA542004308F4 /* ConvertedAmount.swift */; };
		B7E7B2DA219CBB21004308F4 /* Recipe.swift in Sources */ = {isa = PBXBuildFile; fileRef = B7E7B2D9219CBB21004308F4 /* Recipe.swift */; };
		FEFAE111ADC472CF6B86BED9 /* Pods_CollegeKitchenUITests.framework in Frameworks */ = {isa = PBXBuildFile; fileRef = 20785AD1B8FA88F549086AD5 /* Pods_CollegeKitchenUITests.framework */; };
/* End PBXBuildFile section */

/* Begin PBXContainerItemProxy section */
		7B98B234219286CE00D1B5F2 /* PBXContainerItemProxy */ = {
			isa = PBXContainerItemProxy;
			containerPortal = 7B98B217219286CD00D1B5F2 /* Project object */;
			proxyType = 1;
			remoteGlobalIDString = 7B98B21E219286CD00D1B5F2;
			remoteInfo = CollegeKitchen;
		};
		7B98B23F219286CE00D1B5F2 /* PBXContainerItemProxy */ = {
			isa = PBXContainerItemProxy;
			containerPortal = 7B98B217219286CD00D1B5F2 /* Project object */;
			proxyType = 1;
			remoteGlobalIDString = 7B98B21E219286CD00D1B5F2;
			remoteInfo = CollegeKitchen;
		};
/* End PBXContainerItemProxy section */

/* Begin PBXFileReference section */
		040B84855BEE80E1CDA5D588 /* Pods-CollegeKitchenUITests.debug.xcconfig */ = {isa = PBXFileReference; includeInIndex = 1; lastKnownFileType = text.xcconfig; name = "Pods-CollegeKitchenUITests.debug.xcconfig"; path = "Pods/Target Support Files/Pods-CollegeKitchenUITests/Pods-CollegeKitchenUITests.debug.xcconfig"; sourceTree = "<group>"; };
		0F47095DD526B158D4131D79 /* Pods-CollegeKitchenTests.release.xcconfig */ = {isa = PBXFileReference; includeInIndex = 1; lastKnownFileType = text.xcconfig; name = "Pods-CollegeKitchenTests.release.xcconfig"; path = "Pods/Target Support Files/Pods-CollegeKitchenTests/Pods-CollegeKitchenTests.release.xcconfig"; sourceTree = "<group>"; };
		20785AD1B8FA88F549086AD5 /* Pods_CollegeKitchenUITests.framework */ = {isa = PBXFileReference; explicitFileType = wrapper.framework; includeInIndex = 0; path = Pods_CollegeKitchenUITests.framework; sourceTree = BUILT_PRODUCTS_DIR; };
		277F02211DF81D6A3C8DAFD4 /* Pods_CollegeKitchen.framework */ = {isa = PBXFileReference; explicitFileType = wrapper.framework; includeInIndex = 0; path = Pods_CollegeKitchen.framework; sourceTree = BUILT_PRODUCTS_DIR; };
		284F89446B6D8CFBD18E2730 /* Pods-CollegeKitchen.release.xcconfig */ = {isa = PBXFileReference; includeInIndex = 1; lastKnownFileType = text.xcconfig; name = "Pods-CollegeKitchen.release.xcconfig"; path = "Pods/Target Support Files/Pods-CollegeKitchen/Pods-CollegeKitchen.release.xcconfig"; sourceTree = "<group>"; };
		7B98B21F219286CD00D1B5F2 /* CollegeKitchen.app */ = {isa = PBXFileReference; explicitFileType = wrapper.application; includeInIndex = 0; path = CollegeKitchen.app; sourceTree = BUILT_PRODUCTS_DIR; };
		7B98B222219286CD00D1B5F2 /* AppDelegate.swift */ = {isa = PBXFileReference; lastKnownFileType = sourcecode.swift; path = AppDelegate.swift; sourceTree = "<group>"; };
		7B98B224219286CD00D1B5F2 /* ViewController.swift */ = {isa = PBXFileReference; lastKnownFileType = sourcecode.swift; path = ViewController.swift; sourceTree = "<group>"; };
		7B98B227219286CD00D1B5F2 /* Base */ = {isa = PBXFileReference; lastKnownFileType = file.storyboard; name = Base; path = Base.lproj/Main.storyboard; sourceTree = "<group>"; };
		7B98B229219286CE00D1B5F2 /* Assets.xcassets */ = {isa = PBXFileReference; lastKnownFileType = folder.assetcatalog; path = Assets.xcassets; sourceTree = "<group>"; };
		7B98B22C219286CE00D1B5F2 /* Base */ = {isa = PBXFileReference; lastKnownFileType = file.storyboard; name = Base; path = Base.lproj/LaunchScreen.storyboard; sourceTree = "<group>"; };
		7B98B22E219286CE00D1B5F2 /* Info.plist */ = {isa = PBXFileReference; lastKnownFileType = text.plist.xml; path = Info.plist; sourceTree = "<group>"; };
		7B98B233219286CE00D1B5F2 /* CollegeKitchenTests.xctest */ = {isa = PBXFileReference; explicitFileType = wrapper.cfbundle; includeInIndex = 0; path = CollegeKitchenTests.xctest; sourceTree = BUILT_PRODUCTS_DIR; };
		7B98B237219286CE00D1B5F2 /* CollegeKitchenTests.swift */ = {isa = PBXFileReference; lastKnownFileType = sourcecode.swift; path = CollegeKitchenTests.swift; sourceTree = "<group>"; };
		7B98B239219286CE00D1B5F2 /* Info.plist */ = {isa = PBXFileReference; lastKnownFileType = text.plist.xml; path = Info.plist; sourceTree = "<group>"; };
		7B98B23E219286CE00D1B5F2 /* CollegeKitchenUITests.xctest */ = {isa = PBXFileReference; explicitFileType = wrapper.cfbundle; includeInIndex = 0; path = CollegeKitchenUITests.xctest; sourceTree = BUILT_PRODUCTS_DIR; };
		7B98B242219286CE00D1B5F2 /* CollegeKitchenUITests.swift */ = {isa = PBXFileReference; lastKnownFileType = sourcecode.swift; path = CollegeKitchenUITests.swift; sourceTree = "<group>"; };
		7B98B244219286CE00D1B5F2 /* Info.plist */ = {isa = PBXFileReference; lastKnownFileType = text.plist.xml; path = Info.plist; sourceTree = "<group>"; };
		7B98B25021929ADA00D1B5F2 /* GoogleService-Info.plist */ = {isa = PBXFileReference; fileEncoding = 4; lastKnownFileType = text.plist.xml; path = "GoogleService-Info.plist"; sourceTree = "<group>"; };
		83161D610D3ADC22D48DF751 /* Pods-CollegeKitchen.debug.xcconfig */ = {isa = PBXFileReference; includeInIndex = 1; lastKnownFileType = text.xcconfig; name = "Pods-CollegeKitchen.debug.xcconfig"; path = "Pods/Target Support Files/Pods-CollegeKitchen/Pods-CollegeKitchen.debug.xcconfig"; sourceTree = "<group>"; };
		84C14C8531CBEA808E35A35F /* Pods_CollegeKitchenTests.framework */ = {isa = PBXFileReference; explicitFileType = wrapper.framework; includeInIndex = 0; path = Pods_CollegeKitchenTests.framework; sourceTree = BUILT_PRODUCTS_DIR; };
		9D2DA3876BB7FB9271B32636 /* Pods-CollegeKitchenUITests.release.xcconfig */ = {isa = PBXFileReference; includeInIndex = 1; lastKnownFileType = text.xcconfig; name = "Pods-CollegeKitchenUITests.release.xcconfig"; path = "Pods/Target Support Files/Pods-CollegeKitchenUITests/Pods-CollegeKitchenUITests.release.xcconfig"; sourceTree = "<group>"; };
		B70FA5EB2197879500A75AA3 /* MyFridgeTableViewController.swift */ = {isa = PBXFileReference; lastKnownFileType = sourcecode.swift; path = MyFridgeTableViewController.swift; sourceTree = "<group>"; };
		B70FA5ED219787E800A75AA3 /* AddIngredientTableViewController.swift */ = {isa = PBXFileReference; lastKnownFileType = sourcecode.swift; path = AddIngredientTableViewController.swift; sourceTree = "<group>"; };
		B7B2696221960C5E004D9C76 /* Joke.swift */ = {isa = PBXFileReference; lastKnownFileType = sourcecode.swift; path = Joke.swift; sourceTree = "<group>"; };
		B7B2696421960CAD004D9C76 /* RecipeDetails.swift */ = {isa = PBXFileReference; lastKnownFileType = sourcecode.swift; path = RecipeDetails.swift; sourceTree = "<group>"; };
		B7B26966219610EA004D9C76 /* EstimatedCostAPI.swift */ = {isa = PBXFileReference; fileEncoding = 4; lastKnownFileType = sourcecode.swift; path = EstimatedCostAPI.swift; sourceTree = "<group>"; };
		B7B26967219610EA004D9C76 /* IngredientSearch.swift */ = {isa = PBXFileReference; fileEncoding = 4; lastKnownFileType = sourcecode.swift; path = IngredientSearch.swift; sourceTree = "<group>"; };
		B7B26968219610EA004D9C76 /* EstimatedCost.swift */ = {isa = PBXFileReference; fileEncoding = 4; lastKnownFileType = sourcecode.swift; path = EstimatedCost.swift; sourceTree = "<group>"; };
		B7B26969219610EB004D9C76 /* Ingredient.swift */ = {isa = PBXFileReference; fileEncoding = 4; lastKnownFileType = sourcecode.swift; path = Ingredient.swift; sourceTree = "<group>"; };
		B7E7B2D5219CA542004308F4 /* ConvertedAmount.swift */ = {isa = PBXFileReference; lastKnownFileType = sourcecode.swift; name = ConvertedAmount.swift; path = "/Users/lindseycorydon/Desktop/FALL 2018/MobileApp/CollegeKitchen/CollegeKitchen/ConvertedAmount.swift"; sourceTree = "<absolute>"; };
		B7E7B2D9219CBB21004308F4 /* Recipe.swift */ = {isa = PBXFileReference; lastKnownFileType = sourcecode.swift; path = Recipe.swift; sourceTree = "<group>"; };
		E3BAE2A973318C75A1FC9D1E /* Pods-CollegeKitchenTests.debug.xcconfig */ = {isa = PBXFileReference; includeInIndex = 1; lastKnownFileType = text.xcconfig; name = "Pods-CollegeKitchenTests.debug.xcconfig"; path = "Pods/Target Support Files/Pods-CollegeKitchenTests/Pods-CollegeKitchenTests.debug.xcconfig"; sourceTree = "<group>"; };
/* End PBXFileReference section */

/* Begin PBXFrameworksBuildPhase section */
		7B98B21C219286CD00D1B5F2 /* Frameworks */ = {
			isa = PBXFrameworksBuildPhase;
			buildActionMask = 2147483647;
			files = (
				3B1D4B85C14234BD0B66787B /* Pods_CollegeKitchen.framework in Frameworks */,
			);
			runOnlyForDeploymentPostprocessing = 0;
		};
		7B98B230219286CE00D1B5F2 /* Frameworks */ = {
			isa = PBXFrameworksBuildPhase;
			buildActionMask = 2147483647;
			files = (
				55ABE8C848897C99AF4F9749 /* Pods_CollegeKitchenTests.framework in Frameworks */,
			);
			runOnlyForDeploymentPostprocessing = 0;
		};
		7B98B23B219286CE00D1B5F2 /* Frameworks */ = {
			isa = PBXFrameworksBuildPhase;
			buildActionMask = 2147483647;
			files = (
				FEFAE111ADC472CF6B86BED9 /* Pods_CollegeKitchenUITests.framework in Frameworks */,
			);
			runOnlyForDeploymentPostprocessing = 0;
		};
/* End PBXFrameworksBuildPhase section */

/* Begin PBXGroup section */
		05AABA2478860C4E75A4BF33 /* Frameworks */ = {
			isa = PBXGroup;
			children = (
				277F02211DF81D6A3C8DAFD4 /* Pods_CollegeKitchen.framework */,
				84C14C8531CBEA808E35A35F /* Pods_CollegeKitchenTests.framework */,
				20785AD1B8FA88F549086AD5 /* Pods_CollegeKitchenUITests.framework */,
			);
			name = Frameworks;
			sourceTree = "<group>";
		};
		7B98B216219286CD00D1B5F2 = {
			isa = PBXGroup;
			children = (
				7B98B221219286CD00D1B5F2 /* CollegeKitchen */,
				7B98B236219286CE00D1B5F2 /* CollegeKitchenTests */,
				7B98B241219286CE00D1B5F2 /* CollegeKitchenUITests */,
				7B98B220219286CD00D1B5F2 /* Products */,
				F40BB814E4568B4A6671CE44 /* Pods */,
				05AABA2478860C4E75A4BF33 /* Frameworks */,
			);
			sourceTree = "<group>";
		};
		7B98B220219286CD00D1B5F2 /* Products */ = {
			isa = PBXGroup;
			children = (
				7B98B21F219286CD00D1B5F2 /* CollegeKitchen.app */,
				7B98B233219286CE00D1B5F2 /* CollegeKitchenTests.xctest */,
				7B98B23E219286CE00D1B5F2 /* CollegeKitchenUITests.xctest */,
			);
			name = Products;
			sourceTree = "<group>";
		};
		7B98B221219286CD00D1B5F2 /* CollegeKitchen */ = {
			isa = PBXGroup;
			children = (
				B7B2696421960CAD004D9C76 /* RecipeDetails.swift */,
				B7B26968219610EA004D9C76 /* EstimatedCost.swift */,
				B7E7B2D9219CBB21004308F4 /* Recipe.swift */,
				B7B26966219610EA004D9C76 /* EstimatedCostAPI.swift */,
				B7E7B2D5219CA542004308F4 /* ConvertedAmount.swift */,
				B7B26969219610EB004D9C76 /* Ingredient.swift */,
				B7B26967219610EA004D9C76 /* IngredientSearch.swift */,
				B7B2696221960C5E004D9C76 /* Joke.swift */,
				7B98B224219286CD00D1B5F2 /* ViewController.swift */,
				B70FA5EB2197879500A75AA3 /* MyFridgeTableViewController.swift */,
				B70FA5ED219787E800A75AA3 /* AddIngredientTableViewController.swift */,
				7B98B226219286CD00D1B5F2 /* Main.storyboard */,
				7B98B222219286CD00D1B5F2 /* AppDelegate.swift */,
				7B98B229219286CE00D1B5F2 /* Assets.xcassets */,
				7B98B22B219286CE00D1B5F2 /* LaunchScreen.storyboard */,
				7B98B25021929ADA00D1B5F2 /* GoogleService-Info.plist */,
				7B98B22E219286CE00D1B5F2 /* Info.plist */,
			);
			path = CollegeKitchen;
			sourceTree = "<group>";
		};
		7B98B236219286CE00D1B5F2 /* CollegeKitchenTests */ = {
			isa = PBXGroup;
			children = (
				7B98B237219286CE00D1B5F2 /* CollegeKitchenTests.swift */,
				7B98B239219286CE00D1B5F2 /* Info.plist */,
			);
			path = CollegeKitchenTests;
			sourceTree = "<group>";
		};
		7B98B241219286CE00D1B5F2 /* CollegeKitchenUITests */ = {
			isa = PBXGroup;
			children = (
				7B98B242219286CE00D1B5F2 /* CollegeKitchenUITests.swift */,
				7B98B244219286CE00D1B5F2 /* Info.plist */,
			);
			path = CollegeKitchenUITests;
			sourceTree = "<group>";
		};
		F40BB814E4568B4A6671CE44 /* Pods */ = {
			isa = PBXGroup;
			children = (
				83161D610D3ADC22D48DF751 /* Pods-CollegeKitchen.debug.xcconfig */,
				284F89446B6D8CFBD18E2730 /* Pods-CollegeKitchen.release.xcconfig */,
				E3BAE2A973318C75A1FC9D1E /* Pods-CollegeKitchenTests.debug.xcconfig */,
				0F47095DD526B158D4131D79 /* Pods-CollegeKitchenTests.release.xcconfig */,
				040B84855BEE80E1CDA5D588 /* Pods-CollegeKitchenUITests.debug.xcconfig */,
				9D2DA3876BB7FB9271B32636 /* Pods-CollegeKitchenUITests.release.xcconfig */,
			);
			name = Pods;
			sourceTree = "<group>";
		};
/* End PBXGroup section */

/* Begin PBXNativeTarget section */
		7B98B21E219286CD00D1B5F2 /* CollegeKitchen */ = {
			isa = PBXNativeTarget;
			buildConfigurationList = 7B98B247219286CE00D1B5F2 /* Build configuration list for PBXNativeTarget "CollegeKitchen" */;
			buildPhases = (
				00084FEDCAD773A4A94781BA /* [CP] Check Pods Manifest.lock */,
				7B98B21B219286CD00D1B5F2 /* Sources */,
				7B98B21C219286CD00D1B5F2 /* Frameworks */,
				7B98B21D219286CD00D1B5F2 /* Resources */,
				79F6D0C32AE59AB1B6C7B747 /* [CP] Embed Pods Frameworks */,
				C1681EF6D491D54D87EF2662 /* [CP] Copy Pods Resources */,
			);
			buildRules = (
			);
			dependencies = (
			);
			name = CollegeKitchen;
			productName = CollegeKitchen;
			productReference = 7B98B21F219286CD00D1B5F2 /* CollegeKitchen.app */;
			productType = "com.apple.product-type.application";
		};
		7B98B232219286CE00D1B5F2 /* CollegeKitchenTests */ = {
			isa = PBXNativeTarget;
			buildConfigurationList = 7B98B24A219286CE00D1B5F2 /* Build configuration list for PBXNativeTarget "CollegeKitchenTests" */;
			buildPhases = (
				3719CE2AF1A43B4C5BBF7207 /* [CP] Check Pods Manifest.lock */,
				7B98B22F219286CE00D1B5F2 /* Sources */,
				7B98B230219286CE00D1B5F2 /* Frameworks */,
				7B98B231219286CE00D1B5F2 /* Resources */,
			);
			buildRules = (
			);
			dependencies = (
				7B98B235219286CE00D1B5F2 /* PBXTargetDependency */,
			);
			name = CollegeKitchenTests;
			productName = CollegeKitchenTests;
			productReference = 7B98B233219286CE00D1B5F2 /* CollegeKitchenTests.xctest */;
			productType = "com.apple.product-type.bundle.unit-test";
		};
		7B98B23D219286CE00D1B5F2 /* CollegeKitchenUITests */ = {
			isa = PBXNativeTarget;
			buildConfigurationList = 7B98B24D219286CE00D1B5F2 /* Build configuration list for PBXNativeTarget "CollegeKitchenUITests" */;
			buildPhases = (
				0F2A85F9AE1C49A93E3647B4 /* [CP] Check Pods Manifest.lock */,
				7B98B23A219286CE00D1B5F2 /* Sources */,
				7B98B23B219286CE00D1B5F2 /* Frameworks */,
				7B98B23C219286CE00D1B5F2 /* Resources */,
			);
			buildRules = (
			);
			dependencies = (
				7B98B240219286CE00D1B5F2 /* PBXTargetDependency */,
			);
			name = CollegeKitchenUITests;
			productName = CollegeKitchenUITests;
			productReference = 7B98B23E219286CE00D1B5F2 /* CollegeKitchenUITests.xctest */;
			productType = "com.apple.product-type.bundle.ui-testing";
		};
/* End PBXNativeTarget section */

/* Begin PBXProject section */
		7B98B217219286CD00D1B5F2 /* Project object */ = {
			isa = PBXProject;
			attributes = {
				LastSwiftUpdateCheck = 0940;
				LastUpgradeCheck = 0940;
				ORGANIZATIONNAME = "Julia Downey";
				TargetAttributes = {
					7B98B21E219286CD00D1B5F2 = {
						CreatedOnToolsVersion = 9.4;
					};
					7B98B232219286CE00D1B5F2 = {
						CreatedOnToolsVersion = 9.4;
						TestTargetID = 7B98B21E219286CD00D1B5F2;
					};
					7B98B23D219286CE00D1B5F2 = {
						CreatedOnToolsVersion = 9.4;
						TestTargetID = 7B98B21E219286CD00D1B5F2;
					};
				};
			};
			buildConfigurationList = 7B98B21A219286CD00D1B5F2 /* Build configuration list for PBXProject "CollegeKitchen" */;
			compatibilityVersion = "Xcode 9.3";
			developmentRegion = en;
			hasScannedForEncodings = 0;
			knownRegions = (
				en,
				Base,
			);
			mainGroup = 7B98B216219286CD00D1B5F2;
			productRefGroup = 7B98B220219286CD00D1B5F2 /* Products */;
			projectDirPath = "";
			projectRoot = "";
			targets = (
				7B98B21E219286CD00D1B5F2 /* CollegeKitchen */,
				7B98B232219286CE00D1B5F2 /* CollegeKitchenTests */,
				7B98B23D219286CE00D1B5F2 /* CollegeKitchenUITests */,
			);
		};
/* End PBXProject section */

/* Begin PBXResourcesBuildPhase section */
		7B98B21D219286CD00D1B5F2 /* Resources */ = {
			isa = PBXResourcesBuildPhase;
			buildActionMask = 2147483647;
			files = (
				7B98B22D219286CE00D1B5F2 /* LaunchScreen.storyboard in Resources */,
				7B98B25121929ADA00D1B5F2 /* GoogleService-Info.plist in Resources */,
				7B98B22A219286CE00D1B5F2 /* Assets.xcassets in Resources */,
				7B98B228219286CD00D1B5F2 /* Main.storyboard in Resources */,
			);
			runOnlyForDeploymentPostprocessing = 0;
		};
		7B98B231219286CE00D1B5F2 /* Resources */ = {
			isa = PBXResourcesBuildPhase;
			buildActionMask = 2147483647;
			files = (
			);
			runOnlyForDeploymentPostprocessing = 0;
		};
		7B98B23C219286CE00D1B5F2 /* Resources */ = {
			isa = PBXResourcesBuildPhase;
			buildActionMask = 2147483647;
			files = (
			);
			runOnlyForDeploymentPostprocessing = 0;
		};
/* End PBXResourcesBuildPhase section */

/* Begin PBXShellScriptBuildPhase section */
		00084FEDCAD773A4A94781BA /* [CP] Check Pods Manifest.lock */ = {
			isa = PBXShellScriptBuildPhase;
			buildActionMask = 2147483647;
			files = (
			);
			inputPaths = (
				"${PODS_PODFILE_DIR_PATH}/Podfile.lock",
				"${PODS_ROOT}/Manifest.lock",
			);
			name = "[CP] Check Pods Manifest.lock";
			outputPaths = (
				"$(DERIVED_FILE_DIR)/Pods-CollegeKitchen-checkManifestLockResult.txt",
			);
			runOnlyForDeploymentPostprocessing = 0;
			shellPath = /bin/sh;
			shellScript = "diff \"${PODS_PODFILE_DIR_PATH}/Podfile.lock\" \"${PODS_ROOT}/Manifest.lock\" > /dev/null\nif [ $? != 0 ] ; then\n    # print error to STDERR\n    echo \"error: The sandbox is not in sync with the Podfile.lock. Run 'pod install' or update your CocoaPods installation.\" >&2\n    exit 1\nfi\n# This output is used by Xcode 'outputs' to avoid re-running this script phase.\necho \"SUCCESS\" > \"${SCRIPT_OUTPUT_FILE_0}\"\n";
			showEnvVarsInLog = 0;
		};
		0F2A85F9AE1C49A93E3647B4 /* [CP] Check Pods Manifest.lock */ = {
			isa = PBXShellScriptBuildPhase;
			buildActionMask = 2147483647;
			files = (
			);
			inputPaths = (
				"${PODS_PODFILE_DIR_PATH}/Podfile.lock",
				"${PODS_ROOT}/Manifest.lock",
			);
			name = "[CP] Check Pods Manifest.lock";
			outputPaths = (
				"$(DERIVED_FILE_DIR)/Pods-CollegeKitchenUITests-checkManifestLockResult.txt",
			);
			runOnlyForDeploymentPostprocessing = 0;
			shellPath = /bin/sh;
			shellScript = "diff \"${PODS_PODFILE_DIR_PATH}/Podfile.lock\" \"${PODS_ROOT}/Manifest.lock\" > /dev/null\nif [ $? != 0 ] ; then\n    # print error to STDERR\n    echo \"error: The sandbox is not in sync with the Podfile.lock. Run 'pod install' or update your CocoaPods installation.\" >&2\n    exit 1\nfi\n# This output is used by Xcode 'outputs' to avoid re-running this script phase.\necho \"SUCCESS\" > \"${SCRIPT_OUTPUT_FILE_0}\"\n";
			showEnvVarsInLog = 0;
		};
		3719CE2AF1A43B4C5BBF7207 /* [CP] Check Pods Manifest.lock */ = {
			isa = PBXShellScriptBuildPhase;
			buildActionMask = 2147483647;
			files = (
			);
			inputPaths = (
				"${PODS_PODFILE_DIR_PATH}/Podfile.lock",
				"${PODS_ROOT}/Manifest.lock",
			);
			name = "[CP] Check Pods Manifest.lock";
			outputPaths = (
				"$(DERIVED_FILE_DIR)/Pods-CollegeKitchenTests-checkManifestLockResult.txt",
			);
			runOnlyForDeploymentPostprocessing = 0;
			shellPath = /bin/sh;
			shellScript = "diff \"${PODS_PODFILE_DIR_PATH}/Podfile.lock\" \"${PODS_ROOT}/Manifest.lock\" > /dev/null\nif [ $? != 0 ] ; then\n    # print error to STDERR\n    echo \"error: The sandbox is not in sync with the Podfile.lock. Run 'pod install' or update your CocoaPods installation.\" >&2\n    exit 1\nfi\n# This output is used by Xcode 'outputs' to avoid re-running this script phase.\necho \"SUCCESS\" > \"${SCRIPT_OUTPUT_FILE_0}\"\n";
			showEnvVarsInLog = 0;
		};
		79F6D0C32AE59AB1B6C7B747 /* [CP] Embed Pods Frameworks */ = {
			isa = PBXShellScriptBuildPhase;
			buildActionMask = 2147483647;
			files = (
			);
			inputPaths = (
				"${SRCROOT}/Pods/Target Support Files/Pods-CollegeKitchen/Pods-CollegeKitchen-frameworks.sh",
				"${BUILT_PRODUCTS_DIR}/Bolts/Bolts.framework",
				"${BUILT_PRODUCTS_DIR}/BoringSSL/openssl.framework",
				"${BUILT_PRODUCTS_DIR}/FBSDKCoreKit/FBSDKCoreKit.framework",
				"${BUILT_PRODUCTS_DIR}/FBSDKLoginKit/FBSDKLoginKit.framework",
				"${BUILT_PRODUCTS_DIR}/GTMOAuth2/GTMOAuth2.framework",
				"${BUILT_PRODUCTS_DIR}/GTMSessionFetcher/GTMSessionFetcher.framework",
				"${BUILT_PRODUCTS_DIR}/GoogleToolboxForMac/GoogleToolboxForMac.framework",
				"${BUILT_PRODUCTS_DIR}/GoogleUtilities/GoogleUtilities.framework",
				"${BUILT_PRODUCTS_DIR}/Protobuf/Protobuf.framework",
				"${BUILT_PRODUCTS_DIR}/SDWebImage/SDWebImage.framework",
				"${PODS_ROOT}/TwitterCore/iOS/TwitterCore.framework",
				"${PODS_ROOT}/TwitterKit/iOS/TwitterKit.framework",
				"${BUILT_PRODUCTS_DIR}/gRPC/GRPCClient.framework",
				"${BUILT_PRODUCTS_DIR}/gRPC-C++/grpcpp.framework",
				"${BUILT_PRODUCTS_DIR}/gRPC-Core/grpc.framework",
				"${BUILT_PRODUCTS_DIR}/gRPC-ProtoRPC/ProtoRPC.framework",
				"${BUILT_PRODUCTS_DIR}/gRPC-RxLibrary/RxLibrary.framework",
				"${BUILT_PRODUCTS_DIR}/leveldb-library/leveldb.framework",
				"${BUILT_PRODUCTS_DIR}/nanopb/nanopb.framework",
			);
			name = "[CP] Embed Pods Frameworks";
			outputPaths = (
				"${TARGET_BUILD_DIR}/${FRAMEWORKS_FOLDER_PATH}/Bolts.framework",
				"${TARGET_BUILD_DIR}/${FRAMEWORKS_FOLDER_PATH}/openssl.framework",
				"${TARGET_BUILD_DIR}/${FRAMEWORKS_FOLDER_PATH}/FBSDKCoreKit.framework",
				"${TARGET_BUILD_DIR}/${FRAMEWORKS_FOLDER_PATH}/FBSDKLoginKit.framework",
				"${TARGET_BUILD_DIR}/${FRAMEWORKS_FOLDER_PATH}/GTMOAuth2.framework",
				"${TARGET_BUILD_DIR}/${FRAMEWORKS_FOLDER_PATH}/GTMSessionFetcher.framework",
				"${TARGET_BUILD_DIR}/${FRAMEWORKS_FOLDER_PATH}/GoogleToolboxForMac.framework",
				"${TARGET_BUILD_DIR}/${FRAMEWORKS_FOLDER_PATH}/GoogleUtilities.framework",
				"${TARGET_BUILD_DIR}/${FRAMEWORKS_FOLDER_PATH}/Protobuf.framework",
				"${TARGET_BUILD_DIR}/${FRAMEWORKS_FOLDER_PATH}/SDWebImage.framework",
				"${TARGET_BUILD_DIR}/${FRAMEWORKS_FOLDER_PATH}/TwitterCore.framework",
				"${TARGET_BUILD_DIR}/${FRAMEWORKS_FOLDER_PATH}/TwitterKit.framework",
				"${TARGET_BUILD_DIR}/${FRAMEWORKS_FOLDER_PATH}/GRPCClient.framework",
				"${TARGET_BUILD_DIR}/${FRAMEWORKS_FOLDER_PATH}/grpcpp.framework",
				"${TARGET_BUILD_DIR}/${FRAMEWORKS_FOLDER_PATH}/grpc.framework",
				"${TARGET_BUILD_DIR}/${FRAMEWORKS_FOLDER_PATH}/ProtoRPC.framework",
				"${TARGET_BUILD_DIR}/${FRAMEWORKS_FOLDER_PATH}/RxLibrary.framework",
				"${TARGET_BUILD_DIR}/${FRAMEWORKS_FOLDER_PATH}/leveldb.framework",
				"${TARGET_BUILD_DIR}/${FRAMEWORKS_FOLDER_PATH}/nanopb.framework",
			);
			runOnlyForDeploymentPostprocessing = 0;
			shellPath = /bin/sh;
			shellScript = "\"${SRCROOT}/Pods/Target Support Files/Pods-CollegeKitchen/Pods-CollegeKitchen-frameworks.sh\"\n";
			showEnvVarsInLog = 0;
		};
		C1681EF6D491D54D87EF2662 /* [CP] Copy Pods Resources */ = {
			isa = PBXShellScriptBuildPhase;
			buildActionMask = 2147483647;
			files = (
			);
			inputPaths = (
				"${SRCROOT}/Pods/Target Support Files/Pods-CollegeKitchen/Pods-CollegeKitchen-resources.sh",
				"${PODS_CONFIGURATION_BUILD_DIR}/FirebaseUI/FirebaseAnonymousAuthUI.bundle",
				"${PODS_CONFIGURATION_BUILD_DIR}/FirebaseUI/FirebaseAuthUI.bundle",
				"${PODS_CONFIGURATION_BUILD_DIR}/FirebaseUI/FirebaseFacebookAuthUI.bundle",
				"${PODS_CONFIGURATION_BUILD_DIR}/FirebaseUI/FirebaseGoogleAuthUI.bundle",
				"${PODS_CONFIGURATION_BUILD_DIR}/FirebaseUI/FirebasePhoneAuthUI.bundle",
				"${PODS_CONFIGURATION_BUILD_DIR}/FirebaseUI/FirebaseTwitterAuthUI.bundle",
				"${PODS_ROOT}/GoogleSignIn/Resources/GoogleSignIn.bundle",
				"${PODS_ROOT}/TwitterKit/iOS/TwitterKit.framework/TwitterKitResources.bundle",
			);
			name = "[CP] Copy Pods Resources";
			outputPaths = (
				"${TARGET_BUILD_DIR}/${UNLOCALIZED_RESOURCES_FOLDER_PATH}/FirebaseAnonymousAuthUI.bundle",
				"${TARGET_BUILD_DIR}/${UNLOCALIZED_RESOURCES_FOLDER_PATH}/FirebaseAuthUI.bundle",
				"${TARGET_BUILD_DIR}/${UNLOCALIZED_RESOURCES_FOLDER_PATH}/FirebaseFacebookAuthUI.bundle",
				"${TARGET_BUILD_DIR}/${UNLOCALIZED_RESOURCES_FOLDER_PATH}/FirebaseGoogleAuthUI.bundle",
				"${TARGET_BUILD_DIR}/${UNLOCALIZED_RESOURCES_FOLDER_PATH}/FirebasePhoneAuthUI.bundle",
				"${TARGET_BUILD_DIR}/${UNLOCALIZED_RESOURCES_FOLDER_PATH}/FirebaseTwitterAuthUI.bundle",
				"${TARGET_BUILD_DIR}/${UNLOCALIZED_RESOURCES_FOLDER_PATH}/GoogleSignIn.bundle",
				"${TARGET_BUILD_DIR}/${UNLOCALIZED_RESOURCES_FOLDER_PATH}/TwitterKitResources.bundle",
			);
			runOnlyForDeploymentPostprocessing = 0;
			shellPath = /bin/sh;
			shellScript = "\"${SRCROOT}/Pods/Target Support Files/Pods-CollegeKitchen/Pods-CollegeKitchen-resources.sh\"\n";
			showEnvVarsInLog = 0;
		};
/* End PBXShellScriptBuildPhase section */

/* Begin PBXSourcesBuildPhase section */
		7B98B21B219286CD00D1B5F2 /* Sources */ = {
			isa = PBXSourcesBuildPhase;
			buildActionMask = 2147483647;
			files = (
				B7B2696521960CAD004D9C76 /* RecipeDetails.swift in Sources */,
				7B98B225219286CD00D1B5F2 /* ViewController.swift in Sources */,
				7B98B223219286CD00D1B5F2 /* AppDelegate.swift in Sources */,
				B7E7B2DA219CBB21004308F4 /* Recipe.swift in Sources */,
				B7B2696321960C5E004D9C76 /* Joke.swift in Sources */,
				B70FA5EE219787E800A75AA3 /* AddIngredientTableViewController.swift in Sources */,
				B7B2696D219610EB004D9C76 /* Ingredient.swift in Sources */,
				B7B2696B219610EB004D9C76 /* IngredientSearch.swift in Sources */,
				B7B2696A219610EB004D9C76 /* EstimatedCostAPI.swift in Sources */,
				B7B2696C219610EB004D9C76 /* EstimatedCost.swift in Sources */,
				B7E7B2D6219CA542004308F4 /* ConvertedAmount.swift in Sources */,
				B70FA5EC2197879500A75AA3 /* MyFridgeTableViewController.swift in Sources */,
			);
			runOnlyForDeploymentPostprocessing = 0;
		};
		7B98B22F219286CE00D1B5F2 /* Sources */ = {
			isa = PBXSourcesBuildPhase;
			buildActionMask = 2147483647;
			files = (
				7B98B238219286CE00D1B5F2 /* CollegeKitchenTests.swift in Sources */,
			);
			runOnlyForDeploymentPostprocessing = 0;
		};
		7B98B23A219286CE00D1B5F2 /* Sources */ = {
			isa = PBXSourcesBuildPhase;
			buildActionMask = 2147483647;
			files = (
				7B98B243219286CE00D1B5F2 /* CollegeKitchenUITests.swift in Sources */,
			);
			runOnlyForDeploymentPostprocessing = 0;
		};
/* End PBXSourcesBuildPhase section */

/* Begin PBXTargetDependency section */
		7B98B235219286CE00D1B5F2 /* PBXTargetDependency */ = {
			isa = PBXTargetDependency;
			target = 7B98B21E219286CD00D1B5F2 /* CollegeKitchen */;
			targetProxy = 7B98B234219286CE00D1B5F2 /* PBXContainerItemProxy */;
		};
		7B98B240219286CE00D1B5F2 /* PBXTargetDependency */ = {
			isa = PBXTargetDependency;
			target = 7B98B21E219286CD00D1B5F2 /* CollegeKitchen */;
			targetProxy = 7B98B23F219286CE00D1B5F2 /* PBXContainerItemProxy */;
		};
/* End PBXTargetDependency section */

/* Begin PBXVariantGroup section */
		7B98B226219286CD00D1B5F2 /* Main.storyboard */ = {
			isa = PBXVariantGroup;
			children = (
				7B98B227219286CD00D1B5F2 /* Base */,
			);
			name = Main.storyboard;
			sourceTree = "<group>";
		};
		7B98B22B219286CE00D1B5F2 /* LaunchScreen.storyboard */ = {
			isa = PBXVariantGroup;
			children = (
				7B98B22C219286CE00D1B5F2 /* Base */,
			);
			name = LaunchScreen.storyboard;
			sourceTree = "<group>";
		};
/* End PBXVariantGroup section */

/* Begin XCBuildConfiguration section */
		7B98B245219286CE00D1B5F2 /* Debug */ = {
			isa = XCBuildConfiguration;
			buildSettings = {
				ALWAYS_SEARCH_USER_PATHS = NO;
				CLANG_ANALYZER_NONNULL = YES;
				CLANG_ANALYZER_NUMBER_OBJECT_CONVERSION = YES_AGGRESSIVE;
				CLANG_CXX_LANGUAGE_STANDARD = "gnu++14";
				CLANG_CXX_LIBRARY = "libc++";
				CLANG_ENABLE_MODULES = YES;
				CLANG_ENABLE_OBJC_ARC = YES;
				CLANG_ENABLE_OBJC_WEAK = YES;
				CLANG_WARN_BLOCK_CAPTURE_AUTORELEASING = YES;
				CLANG_WARN_BOOL_CONVERSION = YES;
				CLANG_WARN_COMMA = YES;
				CLANG_WARN_CONSTANT_CONVERSION = YES;
				CLANG_WARN_DEPRECATED_OBJC_IMPLEMENTATIONS = YES;
				CLANG_WARN_DIRECT_OBJC_ISA_USAGE = YES_ERROR;
				CLANG_WARN_DOCUMENTATION_COMMENTS = YES;
				CLANG_WARN_EMPTY_BODY = YES;
				CLANG_WARN_ENUM_CONVERSION = YES;
				CLANG_WARN_INFINITE_RECURSION = YES;
				CLANG_WARN_INT_CONVERSION = YES;
				CLANG_WARN_NON_LITERAL_NULL_CONVERSION = YES;
				CLANG_WARN_OBJC_IMPLICIT_RETAIN_SELF = YES;
				CLANG_WARN_OBJC_LITERAL_CONVERSION = YES;
				CLANG_WARN_OBJC_ROOT_CLASS = YES_ERROR;
				CLANG_WARN_RANGE_LOOP_ANALYSIS = YES;
				CLANG_WARN_STRICT_PROTOTYPES = YES;
				CLANG_WARN_SUSPICIOUS_MOVE = YES;
				CLANG_WARN_UNGUARDED_AVAILABILITY = YES_AGGRESSIVE;
				CLANG_WARN_UNREACHABLE_CODE = YES;
				CLANG_WARN__DUPLICATE_METHOD_MATCH = YES;
				CODE_SIGN_IDENTITY = "iPhone Developer";
				COPY_PHASE_STRIP = NO;
				DEBUG_INFORMATION_FORMAT = dwarf;
				ENABLE_STRICT_OBJC_MSGSEND = YES;
				ENABLE_TESTABILITY = YES;
				GCC_C_LANGUAGE_STANDARD = gnu11;
				GCC_DYNAMIC_NO_PIC = NO;
				GCC_NO_COMMON_BLOCKS = YES;
				GCC_OPTIMIZATION_LEVEL = 0;
				GCC_PREPROCESSOR_DEFINITIONS = (
					"DEBUG=1",
					"$(inherited)",
				);
				GCC_WARN_64_TO_32_BIT_CONVERSION = YES;
				GCC_WARN_ABOUT_RETURN_TYPE = YES_ERROR;
				GCC_WARN_UNDECLARED_SELECTOR = YES;
				GCC_WARN_UNINITIALIZED_AUTOS = YES_AGGRESSIVE;
				GCC_WARN_UNUSED_FUNCTION = YES;
				GCC_WARN_UNUSED_VARIABLE = YES;
				IPHONEOS_DEPLOYMENT_TARGET = 11.4;
				MTL_ENABLE_DEBUG_INFO = YES;
				ONLY_ACTIVE_ARCH = YES;
				SDKROOT = iphoneos;
				SWIFT_ACTIVE_COMPILATION_CONDITIONS = DEBUG;
				SWIFT_OPTIMIZATION_LEVEL = "-Onone";
			};
			name = Debug;
		};
		7B98B246219286CE00D1B5F2 /* Release */ = {
			isa = XCBuildConfiguration;
			buildSettings = {
				ALWAYS_SEARCH_USER_PATHS = NO;
				CLANG_ANALYZER_NONNULL = YES;
				CLANG_ANALYZER_NUMBER_OBJECT_CONVERSION = YES_AGGRESSIVE;
				CLANG_CXX_LANGUAGE_STANDARD = "gnu++14";
				CLANG_CXX_LIBRARY = "libc++";
				CLANG_ENABLE_MODULES = YES;
				CLANG_ENABLE_OBJC_ARC = YES;
				CLANG_ENABLE_OBJC_WEAK = YES;
				CLANG_WARN_BLOCK_CAPTURE_AUTORELEASING = YES;
				CLANG_WARN_BOOL_CONVERSION = YES;
				CLANG_WARN_COMMA = YES;
				CLANG_WARN_CONSTANT_CONVERSION = YES;
				CLANG_WARN_DEPRECATED_OBJC_IMPLEMENTATIONS = YES;
				CLANG_WARN_DIRECT_OBJC_ISA_USAGE = YES_ERROR;
				CLANG_WARN_DOCUMENTATION_COMMENTS = YES;
				CLANG_WARN_EMPTY_BODY = YES;
				CLANG_WARN_ENUM_CONVERSION = YES;
				CLANG_WARN_INFINITE_RECURSION = YES;
				CLANG_WARN_INT_CONVERSION = YES;
				CLANG_WARN_NON_LITERAL_NULL_CONVERSION = YES;
				CLANG_WARN_OBJC_IMPLICIT_RETAIN_SELF = YES;
				CLANG_WARN_OBJC_LITERAL_CONVERSION = YES;
				CLANG_WARN_OBJC_ROOT_CLASS = YES_ERROR;
				CLANG_WARN_RANGE_LOOP_ANALYSIS = YES;
				CLANG_WARN_STRICT_PROTOTYPES = YES;
				CLANG_WARN_SUSPICIOUS_MOVE = YES;
				CLANG_WARN_UNGUARDED_AVAILABILITY = YES_AGGRESSIVE;
				CLANG_WARN_UNREACHABLE_CODE = YES;
				CLANG_WARN__DUPLICATE_METHOD_MATCH = YES;
				CODE_SIGN_IDENTITY = "iPhone Developer";
				COPY_PHASE_STRIP = NO;
				DEBUG_INFORMATION_FORMAT = "dwarf-with-dsym";
				ENABLE_NS_ASSERTIONS = NO;
				ENABLE_STRICT_OBJC_MSGSEND = YES;
				GCC_C_LANGUAGE_STANDARD = gnu11;
				GCC_NO_COMMON_BLOCKS = YES;
				GCC_WARN_64_TO_32_BIT_CONVERSION = YES;
				GCC_WARN_ABOUT_RETURN_TYPE = YES_ERROR;
				GCC_WARN_UNDECLARED_SELECTOR = YES;
				GCC_WARN_UNINITIALIZED_AUTOS = YES_AGGRESSIVE;
				GCC_WARN_UNUSED_FUNCTION = YES;
				GCC_WARN_UNUSED_VARIABLE = YES;
				IPHONEOS_DEPLOYMENT_TARGET = 11.4;
				MTL_ENABLE_DEBUG_INFO = NO;
				SDKROOT = iphoneos;
				SWIFT_COMPILATION_MODE = wholemodule;
				SWIFT_OPTIMIZATION_LEVEL = "-O";
				VALIDATE_PRODUCT = YES;
			};
			name = Release;
		};
		7B98B248219286CE00D1B5F2 /* Debug */ = {
			isa = XCBuildConfiguration;
			baseConfigurationReference = 83161D610D3ADC22D48DF751 /* Pods-CollegeKitchen.debug.xcconfig */;
			buildSettings = {
				ASSETCATALOG_COMPILER_APPICON_NAME = AppIcon;
				CODE_SIGN_STYLE = Automatic;
				INFOPLIST_FILE = CollegeKitchen/Info.plist;
				LD_RUNPATH_SEARCH_PATHS = (
					"$(inherited)",
					"@executable_path/Frameworks",
				);
				PRODUCT_BUNDLE_IDENTIFIER = juliadowney.CollegeKitchen;
				PRODUCT_NAME = "$(TARGET_NAME)";
				SWIFT_VERSION = 4.0;
				TARGETED_DEVICE_FAMILY = "1,2";
			};
			name = Debug;
		};
		7B98B249219286CE00D1B5F2 /* Release */ = {
			isa = XCBuildConfiguration;
			baseConfigurationReference = 284F89446B6D8CFBD18E2730 /* Pods-CollegeKitchen.release.xcconfig */;
			buildSettings = {
				ASSETCATALOG_COMPILER_APPICON_NAME = AppIcon;
				CODE_SIGN_STYLE = Automatic;
				INFOPLIST_FILE = CollegeKitchen/Info.plist;
				LD_RUNPATH_SEARCH_PATHS = (
					"$(inherited)",
					"@executable_path/Frameworks",
				);
				PRODUCT_BUNDLE_IDENTIFIER = juliadowney.CollegeKitchen;
				PRODUCT_NAME = "$(TARGET_NAME)";
				SWIFT_VERSION = 4.0;
				TARGETED_DEVICE_FAMILY = "1,2";
			};
			name = Release;
		};
		7B98B24B219286CE00D1B5F2 /* Debug */ = {
			isa = XCBuildConfiguration;
			baseConfigurationReference = E3BAE2A973318C75A1FC9D1E /* Pods-CollegeKitchenTests.debug.xcconfig */;
			buildSettings = {
				ALWAYS_EMBED_SWIFT_STANDARD_LIBRARIES = YES;
				BUNDLE_LOADER = "$(TEST_HOST)";
				CODE_SIGN_STYLE = Automatic;
				INFOPLIST_FILE = CollegeKitchenTests/Info.plist;
				LD_RUNPATH_SEARCH_PATHS = (
					"$(inherited)",
					"@executable_path/Frameworks",
					"@loader_path/Frameworks",
				);
				PRODUCT_BUNDLE_IDENTIFIER = juliadowney.CollegeKitchenTests;
				PRODUCT_NAME = "$(TARGET_NAME)";
				SWIFT_VERSION = 4.0;
				TARGETED_DEVICE_FAMILY = "1,2";
				TEST_HOST = "$(BUILT_PRODUCTS_DIR)/CollegeKitchen.app/CollegeKitchen";
			};
			name = Debug;
		};
		7B98B24C219286CE00D1B5F2 /* Release */ = {
			isa = XCBuildConfiguration;
			baseConfigurationReference = 0F47095DD526B158D4131D79 /* Pods-CollegeKitchenTests.release.xcconfig */;
			buildSettings = {
				ALWAYS_EMBED_SWIFT_STANDARD_LIBRARIES = YES;
				BUNDLE_LOADER = "$(TEST_HOST)";
				CODE_SIGN_STYLE = Automatic;
				INFOPLIST_FILE = CollegeKitchenTests/Info.plist;
				LD_RUNPATH_SEARCH_PATHS = (
					"$(inherited)",
					"@executable_path/Frameworks",
					"@loader_path/Frameworks",
				);
				PRODUCT_BUNDLE_IDENTIFIER = juliadowney.CollegeKitchenTests;
				PRODUCT_NAME = "$(TARGET_NAME)";
				SWIFT_VERSION = 4.0;
				TARGETED_DEVICE_FAMILY = "1,2";
				TEST_HOST = "$(BUILT_PRODUCTS_DIR)/CollegeKitchen.app/CollegeKitchen";
			};
			name = Release;
		};
		7B98B24E219286CE00D1B5F2 /* Debug */ = {
			isa = XCBuildConfiguration;
			baseConfigurationReference = 040B84855BEE80E1CDA5D588 /* Pods-CollegeKitchenUITests.debug.xcconfig */;
			buildSettings = {
				ALWAYS_EMBED_SWIFT_STANDARD_LIBRARIES = YES;
				CODE_SIGN_STYLE = Automatic;
				INFOPLIST_FILE = CollegeKitchenUITests/Info.plist;
				LD_RUNPATH_SEARCH_PATHS = (
					"$(inherited)",
					"@executable_path/Frameworks",
					"@loader_path/Frameworks",
				);
				PRODUCT_BUNDLE_IDENTIFIER = juliadowney.CollegeKitchenUITests;
				PRODUCT_NAME = "$(TARGET_NAME)";
				SWIFT_VERSION = 4.0;
				TARGETED_DEVICE_FAMILY = "1,2";
				TEST_TARGET_NAME = CollegeKitchen;
			};
			name = Debug;
		};
		7B98B24F219286CE00D1B5F2 /* Release */ = {
			isa = XCBuildConfiguration;
			baseConfigurationReference = 9D2DA3876BB7FB9271B32636 /* Pods-CollegeKitchenUITests.release.xcconfig */;
			buildSettings = {
				ALWAYS_EMBED_SWIFT_STANDARD_LIBRARIES = YES;
				CODE_SIGN_STYLE = Automatic;
				INFOPLIST_FILE = CollegeKitchenUITests/Info.plist;
				LD_RUNPATH_SEARCH_PATHS = (
					"$(inherited)",
					"@executable_path/Frameworks",
					"@loader_path/Frameworks",
				);
				PRODUCT_BUNDLE_IDENTIFIER = juliadowney.CollegeKitchenUITests;
				PRODUCT_NAME = "$(TARGET_NAME)";
				SWIFT_VERSION = 4.0;
				TARGETED_DEVICE_FAMILY = "1,2";
				TEST_TARGET_NAME = CollegeKitchen;
			};
			name = Release;
		};
/* End XCBuildConfiguration section */

/* Begin XCConfigurationList section */
		7B98B21A219286CD00D1B5F2 /* Build configuration list for PBXProject "CollegeKitchen" */ = {
			isa = XCConfigurationList;
			buildConfigurations = (
				7B98B245219286CE00D1B5F2 /* Debug */,
				7B98B246219286CE00D1B5F2 /* Release */,
			);
			defaultConfigurationIsVisible = 0;
			defaultConfigurationName = Release;
		};
		7B98B247219286CE00D1B5F2 /* Build configuration list for PBXNativeTarget "CollegeKitchen" */ = {
			isa = XCConfigurationList;
			buildConfigurations = (
				7B98B248219286CE00D1B5F2 /* Debug */,
				7B98B249219286CE00D1B5F2 /* Release */,
			);
			defaultConfigurationIsVisible = 0;
			defaultConfigurationName = Release;
		};
		7B98B24A219286CE00D1B5F2 /* Build configuration list for PBXNativeTarget "CollegeKitchenTests" */ = {
			isa = XCConfigurationList;
			buildConfigurations = (
				7B98B24B219286CE00D1B5F2 /* Debug */,
				7B98B24C219286CE00D1B5F2 /* Release */,
			);
			defaultConfigurationIsVisible = 0;
			defaultConfigurationName = Release;
		};
		7B98B24D219286CE00D1B5F2 /* Build configuration list for PBXNativeTarget "CollegeKitchenUITests" */ = {
			isa = XCConfigurationList;
			buildConfigurations = (
				7B98B24E219286CE00D1B5F2 /* Debug */,
				7B98B24F219286CE00D1B5F2 /* Release */,
			);
			defaultConfigurationIsVisible = 0;
			defaultConfigurationName = Release;
		};
/* End XCConfigurationList section */
	};
	rootObject = 7B98B217219286CD00D1B5F2 /* Project object */;
}
